
Microsoft Visual Studio Solution File, Format Version 12.00
# Visual Studio Version 17
VisualStudioVersion = 17.3.32901.215
MinimumVisualStudioVersion = 10.0.40219.1
Project("{FAE04EC0-301F-11D3-BF4B-00C04F79EFBC}") = "Student Information", "Student Information\Student Information.csproj", "{946B699D-DD9D-41C0-A122-4D3FBBC3FA5D}"
EndProject
Project("{2150E333-8FDC-42A3-9474-1A3956D46DE8}") = "Solution Items", "Solution Items", "{07E41E62-E18B-4699-86BB-82A4C994B87A}"
	ProjectSection(SolutionItems) = preProject
		.editorconfig = .editorconfig
	EndProjectSection
EndProject
Global
	GlobalSection(SolutionConfigurationPlatforms) = preSolution
		Debug|Any CPU = Debug|Any CPU
		Release|Any CPU = Release|Any CPU
	EndGlobalSection
	GlobalSection(ProjectConfigurationPlatforms) = postSolution
		{946B699D-DD9D-41C0-A122-4D3FBBC3FA5D}.Debug|Any CPU.ActiveCfg = Debug|Any CPU
		{946B699D-DD9D-41C0-A122-4D3FBBC3FA5D}.Debug|Any CPU.Build.0 = Debug|Any CPU
		{946B699D-DD9D-41C0-A122-4D3FBBC3FA5D}.Release|Any CPU.ActiveCfg = Release|Any CPU
		{946B699D-DD9D-41C0-A122-4D3FBBC3FA5D}.Release|Any CPU.Build.0 = Release|Any CPU
	EndGlobalSection
	GlobalSection(SolutionProperties) = preSolution
		HideSolutionNode = FALSE
	EndGlobalSection
	GlobalSection(ExtensibilityGlobals) = postSolution
		SolutionGuid = {65C51B45-826A-42A4-8018-2781DB27921D}
	EndGlobalSection
EndGlobal
